{
  "pins" : [
    {
      "identity" : "contentful.swift",
      "kind" : "remoteSourceControl",
      "location" : "git@github.com:contentful/contentful.swift.git",
      "state" : {
        "revision" : "cb73112b021b4dc33a8ddb03f87381fddf4e5eab",
        "version" : "5.5.7"
      }
    }
  ],
  "version" : 2
}
