// !$*UTF8*$!
{
	archiveVersion = 1;
	classes = {
	};
	objectVersion = 56;
	objects = {

/* Begin PBXBuildFile section */
		7C494AE62AAC48450081D19B /* UpdateList.swift in Sources */ = {isa = PBXBuildFile; fileRef = 7C494AE52AAC48450081D19B /* UpdateList.swift */; };
		7C4BC9992AACC07300E3BCBE /* UpdateDetail.swift in Sources */ = {isa = PBXBuildFile; fileRef = 7C4BC9982AACC07300E3BCBE /* UpdateDetail.swift */; };
		7C4BC99B2AACC42800E3BCBE /* UpdateStore.swift in Sources */ = {isa = PBXBuildFile; fileRef = 7C4BC99A2AACC42800E3BCBE /* UpdateStore.swift */; };
		7C4BC99D2AACE78600E3BCBE /* TabBar.swift in Sources */ = {isa = PBXBuildFile; fileRef = 7C4BC99C2AACE78600E3BCBE /* TabBar.swift */; };
		7C4BC99F2AACF77000E3BCBE /* RingView.swift in Sources */ = {isa = PBXBuildFile; fileRef = 7C4BC99E2AACF77000E3BCBE /* RingView.swift */; };
		7C7D3D372AAE35130065B1FE /* Modifiers.swift in Sources */ = {isa = PBXBuildFile; fileRef = 7C7D3D362AAE35130065B1FE /* Modifiers.swift */; };
		7C7D3D502AAE38E20065B1FE /* WorkSans-VariableFont_wght.ttf in Resources */ = {isa = PBXBuildFile; fileRef = 7C7D3D392AAE38E20065B1FE /* WorkSans-VariableFont_wght.ttf */; };
		7C7D3D512AAE38E20065B1FE /* WorkSans-Regular.ttf in Resources */ = {isa = PBXBuildFile; fileRef = 7C7D3D3B2AAE38E20065B1FE /* WorkSans-Regular.ttf */; };
		7C7D3D522AAE38E20065B1FE /* WorkSans-Light.ttf in Resources */ = {isa = PBXBuildFile; fileRef = 7C7D3D3C2AAE38E20065B1FE /* WorkSans-Light.ttf */; };
		7C7D3D532AAE38E20065B1FE /* WorkSans-ExtraBold.ttf in Resources */ = {isa = PBXBuildFile; fileRef = 7C7D3D3D2AAE38E20065B1FE /* WorkSans-ExtraBold.ttf */; };
		7C7D3D542AAE38E20065B1FE /* WorkSans-SemiBoldItalic.ttf in Resources */ = {isa = PBXBuildFile; fileRef = 7C7D3D3E2AAE38E20065B1FE /* WorkSans-SemiBoldItalic.ttf */; };
		7C7D3D552AAE38E20065B1FE /* WorkSans-MediumItalic.ttf in Resources */ = {isa = PBXBuildFile; fileRef = 7C7D3D3F2AAE38E20065B1FE /* WorkSans-MediumItalic.ttf */; };
		7C7D3D562AAE38E20065B1FE /* WorkSans-BoldItalic.ttf in Resources */ = {isa = PBXBuildFile; fileRef = 7C7D3D402AAE38E20065B1FE /* WorkSans-BoldItalic.ttf */; };
		7C7D3D572AAE38E20065B1FE /* WorkSans-ExtraLight.ttf in Resources */ = {isa = PBXBuildFile; fileRef = 7C7D3D412AAE38E20065B1FE /* WorkSans-ExtraLight.ttf */; };
		7C7D3D582AAE38E20065B1FE /* WorkSans-ThinItalic.ttf in Resources */ = {isa = PBXBuildFile; fileRef = 7C7D3D422AAE38E20065B1FE /* WorkSans-ThinItalic.ttf */; };
		7C7D3D592AAE38E20065B1FE /* WorkSans-ExtraLightItalic.ttf in Resources */ = {isa = PBXBuildFile; fileRef = 7C7D3D432AAE38E20065B1FE /* WorkSans-ExtraLightItalic.ttf */; };
		7C7D3D5A2AAE38E20065B1FE /* WorkSans-Medium.ttf in Resources */ = {isa = PBXBuildFile; fileRef = 7C7D3D442AAE38E20065B1FE /* WorkSans-Medium.ttf */; };
		7C7D3D5B2AAE38E20065B1FE /* WorkSans-SemiBold.ttf in Resources */ = {isa = PBXBuildFile; fileRef = 7C7D3D452AAE38E20065B1FE /* WorkSans-SemiBold.ttf */; };
		7C7D3D5C2AAE38E20065B1FE /* WorkSans-Italic.ttf in Resources */ = {isa = PBXBuildFile; fileRef = 7C7D3D462AAE38E20065B1FE /* WorkSans-Italic.ttf */; };
		7C7D3D5D2AAE38E20065B1FE /* WorkSans-BlackItalic.ttf in Resources */ = {isa = PBXBuildFile; fileRef = 7C7D3D472AAE38E20065B1FE /* WorkSans-BlackItalic.ttf */; };
		7C7D3D5E2AAE38E20065B1FE /* WorkSans-Thin.ttf in Resources */ = {isa = PBXBuildFile; fileRef = 7C7D3D482AAE38E20065B1FE /* WorkSans-Thin.ttf */; };
		7C7D3D5F2AAE38E20065B1FE /* WorkSans-Black.ttf in Resources */ = {isa = PBXBuildFile; fileRef = 7C7D3D492AAE38E20065B1FE /* WorkSans-Black.ttf */; };
		7C7D3D602AAE38E20065B1FE /* WorkSans-LightItalic.ttf in Resources */ = {isa = PBXBuildFile; fileRef = 7C7D3D4A2AAE38E20065B1FE /* WorkSans-LightItalic.ttf */; };
		7C7D3D612AAE38E20065B1FE /* WorkSans-ExtraBoldItalic.ttf in Resources */ = {isa = PBXBuildFile; fileRef = 7C7D3D4B2AAE38E20065B1FE /* WorkSans-ExtraBoldItalic.ttf */; };
		7C7D3D622AAE38E20065B1FE /* WorkSans-Bold.ttf in Resources */ = {isa = PBXBuildFile; fileRef = 7C7D3D4C2AAE38E20065B1FE /* WorkSans-Bold.ttf */; };
		7C7D3D632AAE38E20065B1FE /* WorkSans-Italic-VariableFont_wght.ttf in Resources */ = {isa = PBXBuildFile; fileRef = 7C7D3D4D2AAE38E20065B1FE /* WorkSans-Italic-VariableFont_wght.ttf */; };
		7C7D3D642AAE38E20065B1FE /* OFL.txt in Resources */ = {isa = PBXBuildFile; fileRef = 7C7D3D4E2AAE38E20065B1FE /* OFL.txt */; };
		7C7D3D652AAE38E20065B1FE /* README.txt in Resources */ = {isa = PBXBuildFile; fileRef = 7C7D3D4F2AAE38E20065B1FE /* README.txt */; };
		7CB273E32AA36BF700043517 /* MenuView.swift in Sources */ = {isa = PBXBuildFile; fileRef = 7CB273E22AA36BF700043517 /* MenuView.swift */; };
		7CB273E52AA3AB2800043517 /* Home.swift in Sources */ = {isa = PBXBuildFile; fileRef = 7CB273E42AA3AB2800043517 /* Home.swift */; };
		7CB273E72AA435F500043517 /* HomeView.swift in Sources */ = {isa = PBXBuildFile; fileRef = 7CB273E62AA435F500043517 /* HomeView.swift */; };
		7CFB41972A9A1A860029DF8A /* DesignCodeApp.swift in Sources */ = {isa = PBXBuildFile; fileRef = 7CFB41962A9A1A860029DF8A /* DesignCodeApp.swift */; };
		7CFB41992A9A1A860029DF8A /* ContentView.swift in Sources */ = {isa = PBXBuildFile; fileRef = 7CFB41982A9A1A860029DF8A /* ContentView.swift */; };
		7CFB419B2A9A1A890029DF8A /* Assets.xcassets in Resources */ = {isa = PBXBuildFile; fileRef = 7CFB419A2A9A1A890029DF8A /* Assets.xcassets */; };
		7CFB419E2A9A1A890029DF8A /* Preview Assets.xcassets in Resources */ = {isa = PBXBuildFile; fileRef = 7CFB419D2A9A1A890029DF8A /* Preview Assets.xcassets */; };
/* End PBXBuildFile section */

/* Begin PBXFileReference section */
		7C494AE52AAC48450081D19B /* UpdateList.swift */ = {isa = PBXFileReference; lastKnownFileType = sourcecode.swift; path = UpdateList.swift; sourceTree = "<group>"; };
		7C4BC9982AACC07300E3BCBE /* UpdateDetail.swift */ = {isa = PBXFileReference; lastKnownFileType = sourcecode.swift; path = UpdateDetail.swift; sourceTree = "<group>"; };
		7C4BC99A2AACC42800E3BCBE /* UpdateStore.swift */ = {isa = PBXFileReference; lastKnownFileType = sourcecode.swift; path = UpdateStore.swift; sourceTree = "<group>"; };
		7C4BC99C2AACE78600E3BCBE /* TabBar.swift */ = {isa = PBXFileReference; lastKnownFileType = sourcecode.swift; path = TabBar.swift; sourceTree = "<group>"; };
		7C4BC99E2AACF77000E3BCBE /* RingView.swift */ = {isa = PBXFileReference; lastKnownFileType = sourcecode.swift; path = RingView.swift; sourceTree = "<group>"; };
		7C7D3D362AAE35130065B1FE /* Modifiers.swift */ = {isa = PBXFileReference; lastKnownFileType = sourcecode.swift; path = Modifiers.swift; sourceTree = "<group>"; };
		7C7D3D392AAE38E20065B1FE /* WorkSans-VariableFont_wght.ttf */ = {isa = PBXFileReference; lastKnownFileType = file; path = "WorkSans-VariableFont_wght.ttf"; sourceTree = "<group>"; };
		7C7D3D3B2AAE38E20065B1FE /* WorkSans-Regular.ttf */ = {isa = PBXFileReference; lastKnownFileType = file; path = "WorkSans-Regular.ttf"; sourceTree = "<group>"; };
		7C7D3D3C2AAE38E20065B1FE /* WorkSans-Light.ttf */ = {isa = PBXFileReference; lastKnownFileType = file; path = "WorkSans-Light.ttf"; sourceTree = "<group>"; };
		7C7D3D3D2AAE38E20065B1FE /* WorkSans-ExtraBold.ttf */ = {isa = PBXFileReference; lastKnownFileType = file; path = "WorkSans-ExtraBold.ttf"; sourceTree = "<group>"; };
		7C7D3D3E2AAE38E20065B1FE /* WorkSans-SemiBoldItalic.ttf */ = {isa = PBXFileReference; lastKnownFileType = file; path = "WorkSans-SemiBoldItalic.ttf"; sourceTree = "<group>"; };
		7C7D3D3F2AAE38E20065B1FE /* WorkSans-MediumItalic.ttf */ = {isa = PBXFileReference; lastKnownFileType = file; path = "WorkSans-MediumItalic.ttf"; sourceTree = "<group>"; };
		7C7D3D402AAE38E20065B1FE /* WorkSans-BoldItalic.ttf */ = {isa = PBXFileReference; lastKnownFileType = file; path = "WorkSans-BoldItalic.ttf"; sourceTree = "<group>"; };
		7C7D3D412AAE38E20065B1FE /* WorkSans-ExtraLight.ttf */ = {isa = PBXFileReference; lastKnownFileType = file; path = "WorkSans-ExtraLight.ttf"; sourceTree = "<group>"; };
		7C7D3D422AAE38E20065B1FE /* WorkSans-ThinItalic.ttf */ = {isa = PBXFileReference; lastKnownFileType = file; path = "WorkSans-ThinItalic.ttf"; sourceTree = "<group>"; };
		7C7D3D432AAE38E20065B1FE /* WorkSans-ExtraLightItalic.ttf */ = {isa = PBXFileReference; lastKnownFileType = file; path = "WorkSans-ExtraLightItalic.ttf"; sourceTree = "<group>"; };
		7C7D3D442AAE38E20065B1FE /* WorkSans-Medium.ttf */ = {isa = PBXFileReference; lastKnownFileType = file; path = "WorkSans-Medium.ttf"; sourceTree = "<group>"; };
		7C7D3D452AAE38E20065B1FE /* WorkSans-SemiBold.ttf */ = {isa = PBXFileReference; lastKnownFileType = file; path = "WorkSans-SemiBold.ttf"; sourceTree = "<group>"; };
		7C7D3D462AAE38E20065B1FE /* WorkSans-Italic.ttf */ = {isa = PBXFileReference; lastKnownFileType = file; path = "WorkSans-Italic.ttf"; sourceTree = "<group>"; };
		7C7D3D472AAE38E20065B1FE /* WorkSans-BlackItalic.ttf */ = {isa = PBXFileReference; lastKnownFileType = file; path = "WorkSans-BlackItalic.ttf"; sourceTree = "<group>"; };
		7C7D3D482AAE38E20065B1FE /* WorkSans-Thin.ttf */ = {isa = PBXFileReference; lastKnownFileType = file; path = "WorkSans-Thin.ttf"; sourceTree = "<group>"; };
		7C7D3D492AAE38E20065B1FE /* WorkSans-Black.ttf */ = {isa = PBXFileReference; lastKnownFileType = file; path = "WorkSans-Black.ttf"; sourceTree = "<group>"; };
		7C7D3D4A2AAE38E20065B1FE /* WorkSans-LightItalic.ttf */ = {isa = PBXFileReference; lastKnownFileType = file; path = "WorkSans-LightItalic.ttf"; sourceTree = "<group>"; };
		7C7D3D4B2AAE38E20065B1FE /* WorkSans-ExtraBoldItalic.ttf */ = {isa = PBXFileReference; lastKnownFileType = file; path = "WorkSans-ExtraBoldItalic.ttf"; sourceTree = "<group>"; };
		7C7D3D4C2AAE38E20065B1FE /* WorkSans-Bold.ttf */ = {isa = PBXFileReference; lastKnownFileType = file; path = "WorkSans-Bold.ttf"; sourceTree = "<group>"; };
		7C7D3D4D2AAE38E20065B1FE /* WorkSans-Italic-VariableFont_wght.ttf */ = {isa = PBXFileReference; lastKnownFileType = file; path = "WorkSans-Italic-VariableFont_wght.ttf"; sourceTree = "<group>"; };
		7C7D3D4E2AAE38E20065B1FE /* OFL.txt */ = {isa = PBXFileReference; fileEncoding = 4; lastKnownFileType = text; path = OFL.txt; sourceTree = "<group>"; };
		7C7D3D4F2AAE38E20065B1FE /* README.txt */ = {isa = PBXFileReference; fileEncoding = 4; lastKnownFileType = text; path = README.txt; sourceTree = "<group>"; };
		7C7D3D662AAE39120065B1FE /* Info.plist */ = {isa = PBXFileReference; lastKnownFileType = text.plist; path = Info.plist; sourceTree = "<group>"; };
		7CB273E22AA36BF700043517 /* MenuView.swift */ = {isa = PBXFileReference; lastKnownFileType = sourcecode.swift; path = MenuView.swift; sourceTree = "<group>"; };
		7CB273E42AA3AB2800043517 /* Home.swift */ = {isa = PBXFileReference; lastKnownFileType = sourcecode.swift; path = Home.swift; sourceTree = "<group>"; };
		7CB273E62AA435F500043517 /* HomeView.swift */ = {isa = PBXFileReference; lastKnownFileType = sourcecode.swift; path = HomeView.swift; sourceTree = "<group>"; };
		7CFB41932A9A1A860029DF8A /* DesignCode.app */ = {isa = PBXFileReference; explicitFileType = wrapper.application; includeInIndex = 0; path = DesignCode.app; sourceTree = BUILT_PRODUCTS_DIR; };
		7CFB41962A9A1A860029DF8A /* DesignCodeApp.swift */ = {isa = PBXFileReference; lastKnownFileType = sourcecode.swift; path = DesignCodeApp.swift; sourceTree = "<group>"; };
		7CFB41982A9A1A860029DF8A /* ContentView.swift */ = {isa = PBXFileReference; lastKnownFileType = sourcecode.swift; path = ContentView.swift; sourceTree = "<group>"; };
		7CFB419A2A9A1A890029DF8A /* Assets.xcassets */ = {isa = PBXFileReference; lastKnownFileType = folder.assetcatalog; path = Assets.xcassets; sourceTree = "<group>"; };
		7CFB419D2A9A1A890029DF8A /* Preview Assets.xcassets */ = {isa = PBXFileReference; lastKnownFileType = folder.assetcatalog; path = "Preview Assets.xcassets"; sourceTree = "<group>"; };
/* End PBXFileReference section */

/* Begin PBXFrameworksBuildPhase section */
		7CFB41902A9A1A860029DF8A /* Frameworks */ = {
			isa = PBXFrameworksBuildPhase;
			buildActionMask = 2147483647;
			files = (
			);
			runOnlyForDeploymentPostprocessing = 0;
		};
/* End PBXFrameworksBuildPhase section */

/* Begin PBXGroup section */
		7C7D3D382AAE38E20065B1FE /* Work_Sans */ = {
			isa = PBXGroup;
			children = (
				7C7D3D392AAE38E20065B1FE /* WorkSans-VariableFont_wght.ttf */,
				7C7D3D3A2AAE38E20065B1FE /* static */,
				7C7D3D4D2AAE38E20065B1FE /* WorkSans-Italic-VariableFont_wght.ttf */,
				7C7D3D4E2AAE38E20065B1FE /* OFL.txt */,
				7C7D3D4F2AAE38E20065B1FE /* README.txt */,
			);
			path = Work_Sans;
			sourceTree = "<group>";
		};
		7C7D3D3A2AAE38E20065B1FE /* static */ = {
			isa = PBXGroup;
			children = (
				7C7D3D3B2AAE38E20065B1FE /* WorkSans-Regular.ttf */,
				7C7D3D3C2AAE38E20065B1FE /* WorkSans-Light.ttf */,
				7C7D3D3D2AAE38E20065B1FE /* WorkSans-ExtraBold.ttf */,
				7C7D3D3E2AAE38E20065B1FE /* WorkSans-SemiBoldItalic.ttf */,
				7C7D3D3F2AAE38E20065B1FE /* WorkSans-MediumItalic.ttf */,
				7C7D3D402AAE38E20065B1FE /* WorkSans-BoldItalic.ttf */,
				7C7D3D412AAE38E20065B1FE /* WorkSans-ExtraLight.ttf */,
				7C7D3D422AAE38E20065B1FE /* WorkSans-ThinItalic.ttf */,
				7C7D3D432AAE38E20065B1FE /* WorkSans-ExtraLightItalic.ttf */,
				7C7D3D442AAE38E20065B1FE /* WorkSans-Medium.ttf */,
				7C7D3D452AAE38E20065B1FE /* WorkSans-SemiBold.ttf */,
				7C7D3D462AAE38E20065B1FE /* WorkSans-Italic.ttf */,
				7C7D3D472AAE38E20065B1FE /* WorkSans-BlackItalic.ttf */,
				7C7D3D482AAE38E20065B1FE /* WorkSans-Thin.ttf */,
				7C7D3D492AAE38E20065B1FE /* WorkSans-Black.ttf */,
				7C7D3D4A2AAE38E20065B1FE /* WorkSans-LightItalic.ttf */,
				7C7D3D4B2AAE38E20065B1FE /* WorkSans-ExtraBoldItalic.ttf */,
				7C7D3D4C2AAE38E20065B1FE /* WorkSans-Bold.ttf */,
			);
			path = static;
			sourceTree = "<group>";
		};
		7CFB418A2A9A1A860029DF8A = {
			isa = PBXGroup;
			children = (
				7CFB41952A9A1A860029DF8A /* DesignCode */,
				7CFB41942A9A1A860029DF8A /* Products */,
			);
			sourceTree = "<group>";
		};
		7CFB41942A9A1A860029DF8A /* Products */ = {
			isa = PBXGroup;
			children = (
				7CFB41932A9A1A860029DF8A /* DesignCode.app */,
			);
			name = Products;
			sourceTree = "<group>";
		};
		7CFB41952A9A1A860029DF8A /* DesignCode */ = {
			isa = PBXGroup;
			children = (
				7C7D3D662AAE39120065B1FE /* Info.plist */,
				7CFB41962A9A1A860029DF8A /* DesignCodeApp.swift */,
				7CFB41982A9A1A860029DF8A /* ContentView.swift */,
				7CB273E22AA36BF700043517 /* MenuView.swift */,
				7CB273E42AA3AB2800043517 /* Home.swift */,
				7CB273E62AA435F500043517 /* HomeView.swift */,
				7C7D3D362AAE35130065B1FE /* Modifiers.swift */,
				7C4BC99C2AACE78600E3BCBE /* TabBar.swift */,
				7C4BC9982AACC07300E3BCBE /* UpdateDetail.swift */,
				7C494AE52AAC48450081D19B /* UpdateList.swift */,
				7C4BC99A2AACC42800E3BCBE /* UpdateStore.swift */,
				7C4BC99E2AACF77000E3BCBE /* RingView.swift */,
				7CFB419A2A9A1A890029DF8A /* Assets.xcassets */,
				7C7D3D382AAE38E20065B1FE /* Work_Sans */,
				7CFB419C2A9A1A890029DF8A /* Preview Content */,
			);
			path = DesignCode;
			sourceTree = "<group>";
		};
		7CFB419C2A9A1A890029DF8A /* Preview Content */ = {
			isa = PBXGroup;
			children = (
				7CFB419D2A9A1A890029DF8A /* Preview Assets.xcassets */,
			);
			path = "Preview Content";
			sourceTree = "<group>";
		};
/* End PBXGroup section */

/* Begin PBXNativeTarget section */
		7CFB41922A9A1A860029DF8A /* DesignCode */ = {
			isa = PBXNativeTarget;
			buildConfigurationList = 7CFB41A12A9A1A890029DF8A /* Build configuration list for PBXNativeTarget "DesignCode" */;
			buildPhases = (
				7CFB418F2A9A1A860029DF8A /* Sources */,
				7CFB41902A9A1A860029DF8A /* Frameworks */,
				7CFB41912A9A1A860029DF8A /* Resources */,
			);
			buildRules = (
			);
			dependencies = (
			);
			name = DesignCode;
			productName = DesignCode;
			productReference = 7CFB41932A9A1A860029DF8A /* DesignCode.app */;
			productType = "com.apple.product-type.application";
		};
/* End PBXNativeTarget section */

/* Begin PBXProject section */
		7CFB418B2A9A1A860029DF8A /* Project object */ = {
			isa = PBXProject;
			attributes = {
				BuildIndependentTargetsInParallel = 1;
				LastSwiftUpdateCheck = 1430;
				LastUpgradeCheck = 1430;
				TargetAttributes = {
					7CFB41922A9A1A860029DF8A = {
						CreatedOnToolsVersion = 14.3.1;
					};
				};
			};
			buildConfigurationList = 7CFB418E2A9A1A860029DF8A /* Build configuration list for PBXProject "DesignCode" */;
			compatibilityVersion = "Xcode 14.0";
			developmentRegion = en;
			hasScannedForEncodings = 0;
			knownRegions = (
				en,
				Base,
			);
			mainGroup = 7CFB418A2A9A1A860029DF8A;
			productRefGroup = 7CFB41942A9A1A860029DF8A /* Products */;
			projectDirPath = "";
			projectRoot = "";
			targets = (
				7CFB41922A9A1A860029DF8A /* DesignCode */,
			);
		};
/* End PBXProject section */

/* Begin PBXResourcesBuildPhase section */
		7CFB41912A9A1A860029DF8A /* Resources */ = {
			isa = PBXResourcesBuildPhase;
			buildActionMask = 2147483647;
			files = (
				7C7D3D602AAE38E20065B1FE /* WorkSans-LightItalic.ttf in Resources */,
				7CFB419E2A9A1A890029DF8A /* Preview Assets.xcassets in Resources */,
				7C7D3D562AAE38E20065B1FE /* WorkSans-BoldItalic.ttf in Resources */,
				7C7D3D582AAE38E20065B1FE /* WorkSans-ThinItalic.ttf in Resources */,
				7C7D3D552AAE38E20065B1FE /* WorkSans-MediumItalic.ttf in Resources */,
				7C7D3D592AAE38E20065B1FE /* WorkSans-ExtraLightItalic.ttf in Resources */,
				7CFB419B2A9A1A890029DF8A /* Assets.xcassets in Resources */,
				7C7D3D542AAE38E20065B1FE /* WorkSans-SemiBoldItalic.ttf in Resources */,
				7C7D3D612AAE38E20065B1FE /* WorkSans-ExtraBoldItalic.ttf in Resources */,
				7C7D3D502AAE38E20065B1FE /* WorkSans-VariableFont_wght.ttf in Resources */,
				7C7D3D5E2AAE38E20065B1FE /* WorkSans-Thin.ttf in Resources */,
				7C7D3D572AAE38E20065B1FE /* WorkSans-ExtraLight.ttf in Resources */,
				7C7D3D642AAE38E20065B1FE /* OFL.txt in Resources */,
				7C7D3D5B2AAE38E20065B1FE /* WorkSans-SemiBold.ttf in Resources */,
				7C7D3D512AAE38E20065B1FE /* WorkSans-Regular.ttf in Resources */,
				7C7D3D5F2AAE38E20065B1FE /* WorkSans-Black.ttf in Resources */,
				7C7D3D532AAE38E20065B1FE /* WorkSans-ExtraBold.ttf in Resources */,
				7C7D3D5D2AAE38E20065B1FE /* WorkSans-BlackItalic.ttf in Resources */,
				7C7D3D632AAE38E20065B1FE /* WorkSans-Italic-VariableFont_wght.ttf in Resources */,
				7C7D3D5A2AAE38E20065B1FE /* WorkSans-Medium.ttf in Resources */,
				7C7D3D5C2AAE38E20065B1FE /* WorkSans-Italic.ttf in Resources */,
				7C7D3D522AAE38E20065B1FE /* WorkSans-Light.ttf in Resources */,
				7C7D3D652AAE38E20065B1FE /* README.txt in Resources */,
				7C7D3D622AAE38E20065B1FE /* WorkSans-Bold.ttf in Resources */,
			);
			runOnlyForDeploymentPostprocessing = 0;
		};
/* End PBXResourcesBuildPhase section */

/* Begin PBXSourcesBuildPhase section */
		7CFB418F2A9A1A860029DF8A /* Sources */ = {
			isa = PBXSourcesBuildPhase;
			buildActionMask = 2147483647;
			files = (
				7C4BC99F2AACF77000E3BCBE /* RingView.swift in Sources */,
				7C7D3D372AAE35130065B1FE /* Modifiers.swift in Sources */,
				7C4BC99D2AACE78600E3BCBE /* TabBar.swift in Sources */,
				7C4BC9992AACC07300E3BCBE /* UpdateDetail.swift in Sources */,
				7CFB41992A9A1A860029DF8A /* ContentView.swift in Sources */,
				7CB273E32AA36BF700043517 /* MenuView.swift in Sources */,
				7C494AE62AAC48450081D19B /* UpdateList.swift in Sources */,
				7C4BC99B2AACC42800E3BCBE /* UpdateStore.swift in Sources */,
				7CB273E52AA3AB2800043517 /* Home.swift in Sources */,
				7CB273E72AA435F500043517 /* HomeView.swift in Sources */,
				7CFB41972A9A1A860029DF8A /* DesignCodeApp.swift in Sources */,
			);
			runOnlyForDeploymentPostprocessing = 0;
		};
/* End PBXSourcesBuildPhase section */

/* Begin XCBuildConfiguration section */
		7CFB419F2A9A1A890029DF8A /* Debug */ = {
			isa = XCBuildConfiguration;
			buildSettings = {
				ALWAYS_SEARCH_USER_PATHS = NO;
				CLANG_ANALYZER_NONNULL = YES;
				CLANG_ANALYZER_NUMBER_OBJECT_CONVERSION = YES_AGGRESSIVE;
				CLANG_CXX_LANGUAGE_STANDARD = "gnu++20";
				CLANG_ENABLE_MODULES = YES;
				CLANG_ENABLE_OBJC_ARC = YES;
				CLANG_ENABLE_OBJC_WEAK = YES;
				CLANG_WARN_BLOCK_CAPTURE_AUTORELEASING = YES;
				CLANG_WARN_BOOL_CONVERSION = YES;
				CLANG_WARN_COMMA = YES;
				CLANG_WARN_CONSTANT_CONVERSION = YES;
				CLANG_WARN_DEPRECATED_OBJC_IMPLEMENTATIONS = YES;
				CLANG_WARN_DIRECT_OBJC_ISA_USAGE = YES_ERROR;
				CLANG_WARN_DOCUMENTATION_COMMENTS = YES;
				CLANG_WARN_EMPTY_BODY = YES;
				CLANG_WARN_ENUM_CONVERSION = YES;
				CLANG_WARN_INFINITE_RECURSION = YES;
				CLANG_WARN_INT_CONVERSION = YES;
				CLANG_WARN_NON_LITERAL_NULL_CONVERSION = YES;
				CLANG_WARN_OBJC_IMPLICIT_RETAIN_SELF = YES;
				CLANG_WARN_OBJC_LITERAL_CONVERSION = YES;
				CLANG_WARN_OBJC_ROOT_CLASS = YES_ERROR;
				CLANG_WARN_QUOTED_INCLUDE_IN_FRAMEWORK_HEADER = YES;
				CLANG_WARN_RANGE_LOOP_ANALYSIS = YES;
				CLANG_WARN_STRICT_PROTOTYPES = YES;
				CLANG_WARN_SUSPICIOUS_MOVE = YES;
				CLANG_WARN_UNGUARDED_AVAILABILITY = YES_AGGRESSIVE;
				CLANG_WARN_UNREACHABLE_CODE = YES;
				CLANG_WARN__DUPLICATE_METHOD_MATCH = YES;
				COPY_PHASE_STRIP = NO;
				DEBUG_INFORMATION_FORMAT = dwarf;
				ENABLE_STRICT_OBJC_MSGSEND = YES;
				ENABLE_TESTABILITY = YES;
				GCC_C_LANGUAGE_STANDARD = gnu11;
				GCC_DYNAMIC_NO_PIC = NO;
				GCC_NO_COMMON_BLOCKS = YES;
				GCC_OPTIMIZATION_LEVEL = 0;
				GCC_PREPROCESSOR_DEFINITIONS = (
					"DEBUG=1",
					"$(inherited)",
				);
				GCC_WARN_64_TO_32_BIT_CONVERSION = YES;
				GCC_WARN_ABOUT_RETURN_TYPE = YES_ERROR;
				GCC_WARN_UNDECLARED_SELECTOR = YES;
				GCC_WARN_UNINITIALIZED_AUTOS = YES_AGGRESSIVE;
				GCC_WARN_UNUSED_FUNCTION = YES;
				GCC_WARN_UNUSED_VARIABLE = YES;
				IPHONEOS_DEPLOYMENT_TARGET = 16.4;
				MTL_ENABLE_DEBUG_INFO = INCLUDE_SOURCE;
				MTL_FAST_MATH = YES;
				ONLY_ACTIVE_ARCH = YES;
				SDKROOT = iphoneos;
				SWIFT_ACTIVE_COMPILATION_CONDITIONS = DEBUG;
				SWIFT_OPTIMIZATION_LEVEL = "-Onone";
			};
			name = Debug;
		};
		7CFB41A02A9A1A890029DF8A /* Release */ = {
			isa = XCBuildConfiguration;
			buildSettings = {
				ALWAYS_SEARCH_USER_PATHS = NO;
				CLANG_ANALYZER_NONNULL = YES;
				CLANG_ANALYZER_NUMBER_OBJECT_CONVERSION = YES_AGGRESSIVE;
				CLANG_CXX_LANGUAGE_STANDARD = "gnu++20";
				CLANG_ENABLE_MODULES = YES;
				CLANG_ENABLE_OBJC_ARC = YES;
				CLANG_ENABLE_OBJC_WEAK = YES;
				CLANG_WARN_BLOCK_CAPTURE_AUTORELEASING = YES;
				CLANG_WARN_BOOL_CONVERSION = YES;
				CLANG_WARN_COMMA = YES;
				CLANG_WARN_CONSTANT_CONVERSION = YES;
				CLANG_WARN_DEPRECATED_OBJC_IMPLEMENTATIONS = YES;
				CLANG_WARN_DIRECT_OBJC_ISA_USAGE = YES_ERROR;
				CLANG_WARN_DOCUMENTATION_COMMENTS = YES;
				CLANG_WARN_EMPTY_BODY = YES;
				CLANG_WARN_ENUM_CONVERSION = YES;
				CLANG_WARN_INFINITE_RECURSION = YES;
				CLANG_WARN_INT_CONVERSION = YES;
				CLANG_WARN_NON_LITERAL_NULL_CONVERSION = YES;
				CLANG_WARN_OBJC_IMPLICIT_RETAIN_SELF = YES;
				CLANG_WARN_OBJC_LITERAL_CONVERSION = YES;
				CLANG_WARN_OBJC_ROOT_CLASS = YES_ERROR;
				CLANG_WARN_QUOTED_INCLUDE_IN_FRAMEWORK_HEADER = YES;
				CLANG_WARN_RANGE_LOOP_ANALYSIS = YES;
				CLANG_WARN_STRICT_PROTOTYPES = YES;
				CLANG_WARN_SUSPICIOUS_MOVE = YES;
				CLANG_WARN_UNGUARDED_AVAILABILITY = YES_AGGRESSIVE;
				CLANG_WARN_UNREACHABLE_CODE = YES;
				CLANG_WARN__DUPLICATE_METHOD_MATCH = YES;
				COPY_PHASE_STRIP = NO;
				DEBUG_INFORMATION_FORMAT = "dwarf-with-dsym";
				ENABLE_NS_ASSERTIONS = NO;
				ENABLE_STRICT_OBJC_MSGSEND = YES;
				GCC_C_LANGUAGE_STANDARD = gnu11;
				GCC_NO_COMMON_BLOCKS = YES;
				GCC_WARN_64_TO_32_BIT_CONVERSION = YES;
				GCC_WARN_ABOUT_RETURN_TYPE = YES_ERROR;
				GCC_WARN_UNDECLARED_SELECTOR = YES;
				GCC_WARN_UNINITIALIZED_AUTOS = YES_AGGRESSIVE;
				GCC_WARN_UNUSED_FUNCTION = YES;
				GCC_WARN_UNUSED_VARIABLE = YES;
				IPHONEOS_DEPLOYMENT_TARGET = 16.4;
				MTL_ENABLE_DEBUG_INFO = NO;
				MTL_FAST_MATH = YES;
				SDKROOT = iphoneos;
				SWIFT_COMPILATION_MODE = wholemodule;
				SWIFT_OPTIMIZATION_LEVEL = "-O";
				VALIDATE_PRODUCT = YES;
			};
			name = Release;
		};
		7CFB41A22A9A1A890029DF8A /* Debug */ = {
			isa = XCBuildConfiguration;
			buildSettings = {
				ASSETCATALOG_COMPILER_APPICON_NAME = AppIcon;
				ASSETCATALOG_COMPILER_GLOBAL_ACCENT_COLOR_NAME = AccentColor;
				CODE_SIGN_STYLE = Automatic;
				CURRENT_PROJECT_VERSION = 1;
				DEVELOPMENT_ASSET_PATHS = "\"DesignCode/Preview Content\"";
				DEVELOPMENT_TEAM = G3TMK8KB93;
				ENABLE_PREVIEWS = YES;
				GENERATE_INFOPLIST_FILE = YES;
				INFOPLIST_FILE = DesignCode/Info.plist;
				INFOPLIST_KEY_UIApplicationSceneManifest_Generation = YES;
				INFOPLIST_KEY_UIApplicationSupportsIndirectInputEvents = YES;
				INFOPLIST_KEY_UILaunchScreen_Generation = YES;
				INFOPLIST_KEY_UISupportedInterfaceOrientations_iPad = "UIInterfaceOrientationPortrait UIInterfaceOrientationPortraitUpsideDown UIInterfaceOrientationLandscapeLeft UIInterfaceOrientationLandscapeRight";
				INFOPLIST_KEY_UISupportedInterfaceOrientations_iPhone = "UIInterfaceOrientationPortrait UIInterfaceOrientationLandscapeLeft UIInterfaceOrientationLandscapeRight";
				LD_RUNPATH_SEARCH_PATHS = (
					"$(inherited)",
					"@executable_path/Frameworks",
				);
				MARKETING_VERSION = 1.0;
				PRODUCT_BUNDLE_IDENTIFIER = com.ehsanApp.DesignCode;
				PRODUCT_NAME = "$(TARGET_NAME)";
				SWIFT_EMIT_LOC_STRINGS = YES;
				SWIFT_VERSION = 5.0;
				TARGETED_DEVICE_FAMILY = "1,2";
			};
			name = Debug;
		};
		7CFB41A32A9A1A890029DF8A /* Release */ = {
			isa = XCBuildConfiguration;
			buildSettings = {
				ASSETCATALOG_COMPILER_APPICON_NAME = AppIcon;
				ASSETCATALOG_COMPILER_GLOBAL_ACCENT_COLOR_NAME = AccentColor;
				CODE_SIGN_STYLE = Automatic;
				CURRENT_PROJECT_VERSION = 1;
				DEVELOPMENT_ASSET_PATHS = "\"DesignCode/Preview Content\"";
				DEVELOPMENT_TEAM = G3TMK8KB93;
				ENABLE_PREVIEWS = YES;
				GENERATE_INFOPLIST_FILE = YES;
				INFOPLIST_FILE = DesignCode/Info.plist;
				INFOPLIST_KEY_UIApplicationSceneManifest_Generation = YES;
				INFOPLIST_KEY_UIApplicationSupportsIndirectInputEvents = YES;
				INFOPLIST_KEY_UILaunchScreen_Generation = YES;
				INFOPLIST_KEY_UISupportedInterfaceOrientations_iPad = "UIInterfaceOrientationPortrait UIInterfaceOrientationPortraitUpsideDown UIInterfaceOrientationLandscapeLeft UIInterfaceOrientationLandscapeRight";
				INFOPLIST_KEY_UISupportedInterfaceOrientations_iPhone = "UIInterfaceOrientationPortrait UIInterfaceOrientationLandscapeLeft UIInterfaceOrientationLandscapeRight";
				LD_RUNPATH_SEARCH_PATHS = (
					"$(inherited)",
					"@executable_path/Frameworks",
				);
				MARKETING_VERSION = 1.0;
				PRODUCT_BUNDLE_IDENTIFIER = com.ehsanApp.DesignCode;
				PRODUCT_NAME = "$(TARGET_NAME)";
				SWIFT_EMIT_LOC_STRINGS = YES;
				SWIFT_VERSION = 5.0;
				TARGETED_DEVICE_FAMILY = "1,2";
			};
			name = Release;
		};
/* End XCBuildConfiguration section */

/* Begin XCConfigurationList section */
		7CFB418E2A9A1A860029DF8A /* Build configuration list for PBXProject "DesignCode" */ = {
			isa = XCConfigurationList;
			buildConfigurations = (
				7CFB419F2A9A1A890029DF8A /* Debug */,
				7CFB41A02A9A1A890029DF8A /* Release */,
			);
			defaultConfigurationIsVisible = 0;
			defaultConfigurationName = Release;
		};
		7CFB41A12A9A1A890029DF8A /* Build configuration list for PBXNativeTarget "DesignCode" */ = {
			isa = XCConfigurationList;
			buildConfigurations = (
				7CFB41A22A9A1A890029DF8A /* Debug */,
				7CFB41A32A9A1A890029DF8A /* Release */,
			);
			defaultConfigurationIsVisible = 0;
			defaultConfigurationName = Release;
		};
/* End XCConfigurationList section */
	};
	rootObject = 7CFB418B2A9A1A860029DF8A /* Project object */;
}
